
Microsoft Visual Studio Solution File, Format Version 12.00
# Visual Studio Version 16
VisualStudioVersion = 16.0.30413.136
MinimumVisualStudioVersion = 10.0.40219.1
Project("{9A19103F-16F7-4668-BE54-9A1E7A4F7556}") = "NewsAPI", "NewsAPI.csproj", "{C261E3F6-E19E-4868-8776-31AEDDC7F8A0}"
EndProject
Project("{FAE04EC0-301F-11D3-BF4B-00C04F79EFBC}") = "NewsServices", "..\NewsServices\NewsServices.csproj", "{F29B7369-1B06-4CED-8019-DDC3DED3CC0A}"
EndProject
Project("{FAE04EC0-301F-11D3-BF4B-00C04F79EFBC}") = "NewsCore", "..\NewsCore\NewsCore.csproj", "{E05B4220-C638-4041-9CD9-162CA3EB903B}"
EndProject
Project("{FAE04EC0-301F-11D3-BF4B-00C04F79EFBC}") = "NewsDAL", "..\NewsDAL\NewsDAL.csproj", "{75133F5E-5657-44B0-A9F7-15DDC7C51AB7}"
EndProject
Project("{FAE04EC0-301F-11D3-BF4B-00C04F79EFBC}") = "NewsUI", "..\NewsUI\NewsUI.csproj", "{6C928D1A-228C-4FCF-B852-10FC8EF810A1}"
EndProject
Global
	GlobalSection(SolutionConfigurationPlatforms) = preSolution
		Debug|Any CPU = Debug|Any CPU
		Release|Any CPU = Release|Any CPU
	EndGlobalSection
	GlobalSection(ProjectConfigurationPlatforms) = postSolution
		{C261E3F6-E19E-4868-8776-31AEDDC7F8A0}.Debug|Any CPU.ActiveCfg = Debug|Any CPU
		{C261E3F6-E19E-4868-8776-31AEDDC7F8A0}.Debug|Any CPU.Build.0 = Debug|Any CPU
		{C261E3F6-E19E-4868-8776-31AEDDC7F8A0}.Release|Any CPU.ActiveCfg = Release|Any CPU
		{C261E3F6-E19E-4868-8776-31AEDDC7F8A0}.Release|Any CPU.Build.0 = Release|Any CPU
		{F29B7369-1B06-4CED-8019-DDC3DED3CC0A}.Debug|Any CPU.ActiveCfg = Debug|Any CPU
		{F29B7369-1B06-4CED-8019-DDC3DED3CC0A}.Debug|Any CPU.Build.0 = Debug|Any CPU
		{F29B7369-1B06-4CED-8019-DDC3DED3CC0A}.Release|Any CPU.ActiveCfg = Release|Any CPU
		{F29B7369-1B06-4CED-8019-DDC3DED3CC0A}.Release|Any CPU.Build.0 = Release|Any CPU
		{E05B4220-C638-4041-9CD9-162CA3EB903B}.Debug|Any CPU.ActiveCfg = Debug|Any CPU
		{E05B4220-C638-4041-9CD9-162CA3EB903B}.Debug|Any CPU.Build.0 = Debug|Any CPU
		{E05B4220-C638-4041-9CD9-162CA3EB903B}.Release|Any CPU.ActiveCfg = Release|Any CPU
		{E05B4220-C638-4041-9CD9-162CA3EB903B}.Release|Any CPU.Build.0 = Release|Any CPU
		{75133F5E-5657-44B0-A9F7-15DDC7C51AB7}.Debug|Any CPU.ActiveCfg = Debug|Any CPU
		{75133F5E-5657-44B0-A9F7-15DDC7C51AB7}.Debug|Any CPU.Build.0 = Debug|Any CPU
		{75133F5E-5657-44B0-A9F7-15DDC7C51AB7}.Release|Any CPU.ActiveCfg = Release|Any CPU
		{75133F5E-5657-44B0-A9F7-15DDC7C51AB7}.Release|Any CPU.Build.0 = Release|Any CPU
		{6C928D1A-228C-4FCF-B852-10FC8EF810A1}.Debug|Any CPU.ActiveCfg = Debug|Any CPU
		{6C928D1A-228C-4FCF-B852-10FC8EF810A1}.Debug|Any CPU.Build.0 = Debug|Any CPU
		{6C928D1A-228C-4FCF-B852-10FC8EF810A1}.Release|Any CPU.ActiveCfg = Release|Any CPU
		{6C928D1A-228C-4FCF-B852-10FC8EF810A1}.Release|Any CPU.Build.0 = Release|Any CPU
	EndGlobalSection
	GlobalSection(SolutionProperties) = preSolution
		HideSolutionNode = FALSE
	EndGlobalSection
	GlobalSection(ExtensibilityGlobals) = postSolution
		SolutionGuid = {2B7F8109-A76E-4497-85D8-53384CECAE55}
	EndGlobalSection
EndGlobal
